PODS:
  - WebViewJavascriptBridge (6.0.3)

DEPENDENCIES:
  - WebViewJavascriptBridge (~> 6.0)

SPEC REPOS:
  https://github.com/CocoaPods/Specs.git:
    - WebViewJavascriptBridge

SPEC CHECKSUMS:
  WebViewJavascriptBridge: 7f5bc4d3581e672e8f32bd0f812d54bc69bb8e29

PODFILE CHECKSUM: 2adae0a81ec42f2217fedf972616fd73e59c7882

COCOAPODS: 1.5.0
