// !$*UTF8*$!
{
	archiveVersion = 1;
	classes = {
	};
	objectVersion = 50;
	objects = {

/* Begin PBXBuildFile section */
		ADEAFF19228859BB00A5D64A /* AppDelegate.m in Sources */ = {isa = PBXBuildFile; fileRef = ADEAFF18228859BB00A5D64A /* AppDelegate.m */; };
		ADEAFF1C228859BB00A5D64A /* ViewController.m in Sources */ = {isa = PBXBuildFile; fileRef = ADEAFF1B228859BB00A5D64A /* ViewController.m */; };
		ADEAFF1F228859BB00A5D64A /* Main.storyboard in Resources */ = {isa = PBXBuildFile; fileRef = ADEAFF1D228859BB00A5D64A /* Main.storyboard */; };
		ADEAFF21228859BD00A5D64A /* Assets.xcassets in Resources */ = {isa = PBXBuildFile; fileRef = ADEAFF20228859BD00A5D64A /* Assets.xcassets */; };
		ADEAFF24228859BD00A5D64A /* LaunchScreen.storyboard in Resources */ = {isa = PBXBuildFile; fileRef = ADEAFF22228859BD00A5D64A /* LaunchScreen.storyboard */; };
		ADEAFF27228859BD00A5D64A /* main.m in Sources */ = {isa = PBXBuildFile; fileRef = ADEAFF26228859BD00A5D64A /* main.m */; };
		ADEAFF2F22885B8600A5D64A /* index.html in Resources */ = {isa = PBXBuildFile; fileRef = ADEAFF2E22885B8600A5D64A /* index.html */; };
		F983B84DB5691F9E57598E85 /* Pods_WebViewJavascriptBridge.framework in Frameworks */ = {isa = PBXBuildFile; fileRef = 48AD8C3B7B2E33DF966EB801 /* Pods_WebViewJavascriptBridge.framework */; };
/* End PBXBuildFile section */

/* Begin PBXFileReference section */
		48AD8C3B7B2E33DF966EB801 /* Pods_WebViewJavascriptBridge.framework */ = {isa = PBXFileReference; explicitFileType = wrapper.framework; includeInIndex = 0; path = Pods_WebViewJavascriptBridge.framework; sourceTree = BUILT_PRODUCTS_DIR; };
		57097F5914818DC71A179223 /* Pods-WebViewJavascriptBridge.release.xcconfig */ = {isa = PBXFileReference; includeInIndex = 1; lastKnownFileType = text.xcconfig; name = "Pods-WebViewJavascriptBridge.release.xcconfig"; path = "Pods/Target Support Files/Pods-WebViewJavascriptBridge/Pods-WebViewJavascriptBridge.release.xcconfig"; sourceTree = "<group>"; };
		5E67E65DDF36CA207DA1CC3A /* Pods-WebViewJavascriptBridge.debug.xcconfig */ = {isa = PBXFileReference; includeInIndex = 1; lastKnownFileType = text.xcconfig; name = "Pods-WebViewJavascriptBridge.debug.xcconfig"; path = "Pods/Target Support Files/Pods-WebViewJavascriptBridge/Pods-WebViewJavascriptBridge.debug.xcconfig"; sourceTree = "<group>"; };
		ADEAFF14228859BB00A5D64A /* WebViewJavascriptBridge.app */ = {isa = PBXFileReference; explicitFileType = wrapper.application; includeInIndex = 0; path = WebViewJavascriptBridge.app; sourceTree = BUILT_PRODUCTS_DIR; };
		ADEAFF17228859BB00A5D64A /* AppDelegate.h */ = {isa = PBXFileReference; lastKnownFileType = sourcecode.c.h; path = AppDelegate.h; sourceTree = "<group>"; };
		ADEAFF18228859BB00A5D64A /* AppDelegate.m */ = {isa = PBXFileReference; lastKnownFileType = sourcecode.c.objc; path = AppDelegate.m; sourceTree = "<group>"; };
		ADEAFF1A228859BB00A5D64A /* ViewController.h */ = {isa = PBXFileReference; lastKnownFileType = sourcecode.c.h; path = ViewController.h; sourceTree = "<group>"; };
		ADEAFF1B228859BB00A5D64A /* ViewController.m */ = {isa = PBXFileReference; lastKnownFileType = sourcecode.c.objc; path = ViewController.m; sourceTree = "<group>"; };
		ADEAFF1E228859BB00A5D64A /* Base */ = {isa = PBXFileReference; lastKnownFileType = file.storyboard; name = Base; path = Base.lproj/Main.storyboard; sourceTree = "<group>"; };
		ADEAFF20228859BD00A5D64A /* Assets.xcassets */ = {isa = PBXFileReference; lastKnownFileType = folder.assetcatalog; path = Assets.xcassets; sourceTree = "<group>"; };
		ADEAFF23228859BD00A5D64A /* Base */ = {isa = PBXFileReference; lastKnownFileType = file.storyboard; name = Base; path = Base.lproj/LaunchScreen.storyboard; sourceTree = "<group>"; };
		ADEAFF25228859BD00A5D64A /* Info.plist */ = {isa = PBXFileReference; lastKnownFileType = text.plist.xml; path = Info.plist; sourceTree = "<group>"; };
		ADEAFF26228859BD00A5D64A /* main.m */ = {isa = PBXFileReference; lastKnownFileType = sourcecode.c.objc; path = main.m; sourceTree = "<group>"; };
		ADEAFF2E22885B8600A5D64A /* index.html */ = {isa = PBXFileReference; fileEncoding = 4; lastKnownFileType = text.html; path = index.html; sourceTree = "<group>"; };
/* End PBXFileReference section */

/* Begin PBXFrameworksBuildPhase section */
		ADEAFF11228859BB00A5D64A /* Frameworks */ = {
			isa = PBXFrameworksBuildPhase;
			buildActionMask = 2147483647;
			files = (
				F983B84DB5691F9E57598E85 /* Pods_WebViewJavascriptBridge.framework in Frameworks */,
			);
			runOnlyForDeploymentPostprocessing = 0;
		};
/* End PBXFrameworksBuildPhase section */

/* Begin PBXGroup section */
		0AED0CD800CA9DF7A93A7D66 /* Pods */ = {
			isa = PBXGroup;
			children = (
				5E67E65DDF36CA207DA1CC3A /* Pods-WebViewJavascriptBridge.debug.xcconfig */,
				57097F5914818DC71A179223 /* Pods-WebViewJavascriptBridge.release.xcconfig */,
			);
			name = Pods;
			sourceTree = "<group>";
		};
		ADEAFF0B228859BB00A5D64A = {
			isa = PBXGroup;
			children = (
				ADEAFF16228859BB00A5D64A /* WebViewJavascriptBridge */,
				ADEAFF15228859BB00A5D64A /* Products */,
				0AED0CD800CA9DF7A93A7D66 /* Pods */,
				AEEDCBF58C194703E7639AAF /* Frameworks */,
			);
			sourceTree = "<group>";
		};
		ADEAFF15228859BB00A5D64A /* Products */ = {
			isa = PBXGroup;
			children = (
				ADEAFF14228859BB00A5D64A /* WebViewJavascriptBridge.app */,
			);
			name = Products;
			sourceTree = "<group>";
		};
		ADEAFF16228859BB00A5D64A /* WebViewJavascriptBridge */ = {
			isa = PBXGroup;
			children = (
				ADEAFF2D22885B5700A5D64A /* Resource */,
				ADEAFF17228859BB00A5D64A /* AppDelegate.h */,
				ADEAFF18228859BB00A5D64A /* AppDelegate.m */,
				ADEAFF1A228859BB00A5D64A /* ViewController.h */,
				ADEAFF1B228859BB00A5D64A /* ViewController.m */,
				ADEAFF1D228859BB00A5D64A /* Main.storyboard */,
				ADEAFF20228859BD00A5D64A /* Assets.xcassets */,
				ADEAFF22228859BD00A5D64A /* LaunchScreen.storyboard */,
				ADEAFF25228859BD00A5D64A /* Info.plist */,
				ADEAFF26228859BD00A5D64A /* main.m */,
			);
			path = WebViewJavascriptBridge;
			sourceTree = "<group>";
		};
		ADEAFF2D22885B5700A5D64A /* Resource */ = {
			isa = PBXGroup;
			children = (
				ADEAFF2E22885B8600A5D64A /* index.html */,
			);
			path = Resource;
			sourceTree = "<group>";
		};
		AEEDCBF58C194703E7639AAF /* Frameworks */ = {
			isa = PBXGroup;
			children = (
				48AD8C3B7B2E33DF966EB801 /* Pods_WebViewJavascriptBridge.framework */,
			);
			name = Frameworks;
			sourceTree = "<group>";
		};
/* End PBXGroup section */

/* Begin PBXNativeTarget section */
		ADEAFF13228859BB00A5D64A /* WebViewJavascriptBridge */ = {
			isa = PBXNativeTarget;
			buildConfigurationList = ADEAFF2A228859BD00A5D64A /* Build configuration list for PBXNativeTarget "WebViewJavascriptBridge" */;
			buildPhases = (
				9EA09CA29F9EEC7BFFB94DB4 /* [CP] Check Pods Manifest.lock */,
				ADEAFF10228859BB00A5D64A /* Sources */,
				ADEAFF11228859BB00A5D64A /* Frameworks */,
				ADEAFF12228859BB00A5D64A /* Resources */,
				2A0DBD3AD7FD7A3DF7F28791 /* [CP] Embed Pods Frameworks */,
			);
			buildRules = (
			);
			dependencies = (
			);
			name = WebViewJavascriptBridge;
			productName = WebViewJavascriptBridge;
			productReference = ADEAFF14228859BB00A5D64A /* WebViewJavascriptBridge.app */;
			productType = "com.apple.product-type.application";
		};
/* End PBXNativeTarget section */

/* Begin PBXProject section */
		ADEAFF0C228859BB00A5D64A /* Project object */ = {
			isa = PBXProject;
			attributes = {
				LastUpgradeCheck = 1010;
				ORGANIZATIONNAME = Yanci;
				TargetAttributes = {
					ADEAFF13228859BB00A5D64A = {
						CreatedOnToolsVersion = 10.1;
					};
				};
			};
			buildConfigurationList = ADEAFF0F228859BB00A5D64A /* Build configuration list for PBXProject "WebViewJavascriptBridge" */;
			compatibilityVersion = "Xcode 9.3";
			developmentRegion = en;
			hasScannedForEncodings = 0;
			knownRegions = (
				en,
				Base,
			);
			mainGroup = ADEAFF0B228859BB00A5D64A;
			productRefGroup = ADEAFF15228859BB00A5D64A /* Products */;
			projectDirPath = "";
			projectRoot = "";
			targets = (
				ADEAFF13228859BB00A5D64A /* WebViewJavascriptBridge */,
			);
		};
/* End PBXProject section */

/* Begin PBXResourcesBuildPhase section */
		ADEAFF12228859BB00A5D64A /* Resources */ = {
			isa = PBXResourcesBuildPhase;
			buildActionMask = 2147483647;
			files = (
				ADEAFF24228859BD00A5D64A /* LaunchScreen.storyboard in Resources */,
				ADEAFF2F22885B8600A5D64A /* index.html in Resources */,
				ADEAFF21228859BD00A5D64A /* Assets.xcassets in Resources */,
				ADEAFF1F228859BB00A5D64A /* Main.storyboard in Resources */,
			);
			runOnlyForDeploymentPostprocessing = 0;
		};
/* End PBXResourcesBuildPhase section */

/* Begin PBXShellScriptBuildPhase section */
		2A0DBD3AD7FD7A3DF7F28791 /* [CP] Embed Pods Frameworks */ = {
			isa = PBXShellScriptBuildPhase;
			buildActionMask = 2147483647;
			files = (
			);
			inputPaths = (
				"${SRCROOT}/Pods/Target Support Files/Pods-WebViewJavascriptBridge/Pods-WebViewJavascriptBridge-frameworks.sh",
				"${BUILT_PRODUCTS_DIR}/WebViewJavascriptBridge/WebViewJavascriptBridge.framework",
			);
			name = "[CP] Embed Pods Frameworks";
			outputPaths = (
				"${TARGET_BUILD_DIR}/${FRAMEWORKS_FOLDER_PATH}/WebViewJavascriptBridge.framework",
			);
			runOnlyForDeploymentPostprocessing = 0;
			shellPath = /bin/sh;
			shellScript = "\"${SRCROOT}/Pods/Target Support Files/Pods-WebViewJavascriptBridge/Pods-WebViewJavascriptBridge-frameworks.sh\"\n";
			showEnvVarsInLog = 0;
		};
		9EA09CA29F9EEC7BFFB94DB4 /* [CP] Check Pods Manifest.lock */ = {
			isa = PBXShellScriptBuildPhase;
			buildActionMask = 2147483647;
			files = (
			);
			inputPaths = (
				"${PODS_PODFILE_DIR_PATH}/Podfile.lock",
				"${PODS_ROOT}/Manifest.lock",
			);
			name = "[CP] Check Pods Manifest.lock";
			outputPaths = (
				"$(DERIVED_FILE_DIR)/Pods-WebViewJavascriptBridge-checkManifestLockResult.txt",
			);
			runOnlyForDeploymentPostprocessing = 0;
			shellPath = /bin/sh;
			shellScript = "diff \"${PODS_PODFILE_DIR_PATH}/Podfile.lock\" \"${PODS_ROOT}/Manifest.lock\" > /dev/null\nif [ $? != 0 ] ; then\n    # print error to STDERR\n    echo \"error: The sandbox is not in sync with the Podfile.lock. Run 'pod install' or update your CocoaPods installation.\" >&2\n    exit 1\nfi\n# This output is used by Xcode 'outputs' to avoid re-running this script phase.\necho \"SUCCESS\" > \"${SCRIPT_OUTPUT_FILE_0}\"\n";
			showEnvVarsInLog = 0;
		};
/* End PBXShellScriptBuildPhase section */

/* Begin PBXSourcesBuildPhase section */
		ADEAFF10228859BB00A5D64A /* Sources */ = {
			isa = PBXSourcesBuildPhase;
			buildActionMask = 2147483647;
			files = (
				ADEAFF1C228859BB00A5D64A /* ViewController.m in Sources */,
				ADEAFF27228859BD00A5D64A /* main.m in Sources */,
				ADEAFF19228859BB00A5D64A /* AppDelegate.m in Sources */,
			);
			runOnlyForDeploymentPostprocessing = 0;
		};
/* End PBXSourcesBuildPhase section */

/* Begin PBXVariantGroup section */
		ADEAFF1D228859BB00A5D64A /* Main.storyboard */ = {
			isa = PBXVariantGroup;
			children = (
				ADEAFF1E228859BB00A5D64A /* Base */,
			);
			name = Main.storyboard;
			sourceTree = "<group>";
		};
		ADEAFF22228859BD00A5D64A /* LaunchScreen.storyboard */ = {
			isa = PBXVariantGroup;
			children = (
				ADEAFF23228859BD00A5D64A /* Base */,
			);
			name = LaunchScreen.storyboard;
			sourceTree = "<group>";
		};
/* End PBXVariantGroup section */

/* Begin XCBuildConfiguration section */
		ADEAFF28228859BD00A5D64A /* Debug */ = {
			isa = XCBuildConfiguration;
			buildSettings = {
				ALWAYS_SEARCH_USER_PATHS = NO;
				CLANG_ANALYZER_NONNULL = YES;
				CLANG_ANALYZER_NUMBER_OBJECT_CONVERSION = YES_AGGRESSIVE;
				CLANG_CXX_LANGUAGE_STANDARD = "gnu++14";
				CLANG_CXX_LIBRARY = "libc++";
				CLANG_ENABLE_MODULES = YES;
				CLANG_ENABLE_OBJC_ARC = YES;
				CLANG_ENABLE_OBJC_WEAK = YES;
				CLANG_WARN_BLOCK_CAPTURE_AUTORELEASING = YES;
				CLANG_WARN_BOOL_CONVERSION = YES;
				CLANG_WARN_COMMA = YES;
				CLANG_WARN_CONSTANT_CONVERSION = YES;
				CLANG_WARN_DEPRECATED_OBJC_IMPLEMENTATIONS = YES;
				CLANG_WARN_DIRECT_OBJC_ISA_USAGE = YES_ERROR;
				CLANG_WARN_DOCUMENTATION_COMMENTS = YES;
				CLANG_WARN_EMPTY_BODY = YES;
				CLANG_WARN_ENUM_CONVERSION = YES;
				CLANG_WARN_INFINITE_RECURSION = YES;
				CLANG_WARN_INT_CONVERSION = YES;
				CLANG_WARN_NON_LITERAL_NULL_CONVERSION = YES;
				CLANG_WARN_OBJC_IMPLICIT_RETAIN_SELF = YES;
				CLANG_WARN_OBJC_LITERAL_CONVERSION = YES;
				CLANG_WARN_OBJC_ROOT_CLASS = YES_ERROR;
				CLANG_WARN_RANGE_LOOP_ANALYSIS = YES;
				CLANG_WARN_STRICT_PROTOTYPES = YES;
				CLANG_WARN_SUSPICIOUS_MOVE = YES;
				CLANG_WARN_UNGUARDED_AVAILABILITY = YES_AGGRESSIVE;
				CLANG_WARN_UNREACHABLE_CODE = YES;
				CLANG_WARN__DUPLICATE_METHOD_MATCH = YES;
				CODE_SIGN_IDENTITY = "iPhone Developer";
				COPY_PHASE_STRIP = NO;
				DEBUG_INFORMATION_FORMAT = dwarf;
				ENABLE_STRICT_OBJC_MSGSEND = YES;
				ENABLE_TESTABILITY = YES;
				GCC_C_LANGUAGE_STANDARD = gnu11;
				GCC_DYNAMIC_NO_PIC = NO;
				GCC_NO_COMMON_BLOCKS = YES;
				GCC_OPTIMIZATION_LEVEL = 0;
				GCC_PREPROCESSOR_DEFINITIONS = (
					"DEBUG=1",
					"$(inherited)",
				);
				GCC_WARN_64_TO_32_BIT_CONVERSION = YES;
				GCC_WARN_ABOUT_RETURN_TYPE = YES_ERROR;
				GCC_WARN_UNDECLARED_SELECTOR = YES;
				GCC_WARN_UNINITIALIZED_AUTOS = YES_AGGRESSIVE;
				GCC_WARN_UNUSED_FUNCTION = YES;
				GCC_WARN_UNUSED_VARIABLE = YES;
				IPHONEOS_DEPLOYMENT_TARGET = 12.1;
				MTL_ENABLE_DEBUG_INFO = INCLUDE_SOURCE;
				MTL_FAST_MATH = YES;
				ONLY_ACTIVE_ARCH = YES;
				SDKROOT = iphoneos;
			};
			name = Debug;
		};
		ADEAFF29228859BD00A5D64A /* Release */ = {
			isa = XCBuildConfiguration;
			buildSettings = {
				ALWAYS_SEARCH_USER_PATHS = NO;
				CLANG_ANALYZER_NONNULL = YES;
				CLANG_ANALYZER_NUMBER_OBJECT_CONVERSION = YES_AGGRESSIVE;
				CLANG_CXX_LANGUAGE_STANDARD = "gnu++14";
				CLANG_CXX_LIBRARY = "libc++";
				CLANG_ENABLE_MODULES = YES;
				CLANG_ENABLE_OBJC_ARC = YES;
				CLANG_ENABLE_OBJC_WEAK = YES;
				CLANG_WARN_BLOCK_CAPTURE_AUTORELEASING = YES;
				CLANG_WARN_BOOL_CONVERSION = YES;
				CLANG_WARN_COMMA = YES;
				CLANG_WARN_CONSTANT_CONVERSION = YES;
				CLANG_WARN_DEPRECATED_OBJC_IMPLEMENTATIONS = YES;
				CLANG_WARN_DIRECT_OBJC_ISA_USAGE = YES_ERROR;
				CLANG_WARN_DOCUMENTATION_COMMENTS = YES;
				CLANG_WARN_EMPTY_BODY = YES;
				CLANG_WARN_ENUM_CONVERSION = YES;
				CLANG_WARN_INFINITE_RECURSION = YES;
				CLANG_WARN_INT_CONVERSION = YES;
				CLANG_WARN_NON_LITERAL_NULL_CONVERSION = YES;
				CLANG_WARN_OBJC_IMPLICIT_RETAIN_SELF = YES;
				CLANG_WARN_OBJC_LITERAL_CONVERSION = YES;
				CLANG_WARN_OBJC_ROOT_CLASS = YES_ERROR;
				CLANG_WARN_RANGE_LOOP_ANALYSIS = YES;
				CLANG_WARN_STRICT_PROTOTYPES = YES;
				CLANG_WARN_SUSPICIOUS_MOVE = YES;
				CLANG_WARN_UNGUARDED_AVAILABILITY = YES_AGGRESSIVE;
				CLANG_WARN_UNREACHABLE_CODE = YES;
				CLANG_WARN__DUPLICATE_METHOD_MATCH = YES;
				CODE_SIGN_IDENTITY = "iPhone Developer";
				COPY_PHASE_STRIP = NO;
				DEBUG_INFORMATION_FORMAT = "dwarf-with-dsym";
				ENABLE_NS_ASSERTIONS = NO;
				ENABLE_STRICT_OBJC_MSGSEND = YES;
				GCC_C_LANGUAGE_STANDARD = gnu11;
				GCC_NO_COMMON_BLOCKS = YES;
				GCC_WARN_64_TO_32_BIT_CONVERSION = YES;
				GCC_WARN_ABOUT_RETURN_TYPE = YES_ERROR;
				GCC_WARN_UNDECLARED_SELECTOR = YES;
				GCC_WARN_UNINITIALIZED_AUTOS = YES_AGGRESSIVE;
				GCC_WARN_UNUSED_FUNCTION = YES;
				GCC_WARN_UNUSED_VARIABLE = YES;
				IPHONEOS_DEPLOYMENT_TARGET = 12.1;
				MTL_ENABLE_DEBUG_INFO = NO;
				MTL_FAST_MATH = YES;
				SDKROOT = iphoneos;
				VALIDATE_PRODUCT = YES;
			};
			name = Release;
		};
		ADEAFF2B228859BD00A5D64A /* Debug */ = {
			isa = XCBuildConfiguration;
			baseConfigurationReference = 5E67E65DDF36CA207DA1CC3A /* Pods-WebViewJavascriptBridge.debug.xcconfig */;
			buildSettings = {
				ASSETCATALOG_COMPILER_APPICON_NAME = AppIcon;
				CODE_SIGN_STYLE = Automatic;
				INFOPLIST_FILE = WebViewJavascriptBridge/Info.plist;
				LD_RUNPATH_SEARCH_PATHS = (
					"$(inherited)",
					"@executable_path/Frameworks",
				);
				PRODUCT_BUNDLE_IDENTIFIER = demo.WebViewJavascriptBridge;
				PRODUCT_NAME = "$(TARGET_NAME)";
				TARGETED_DEVICE_FAMILY = "1,2";
			};
			name = Debug;
		};
		ADEAFF2C228859BD00A5D64A /* Release */ = {
			isa = XCBuildConfiguration;
			baseConfigurationReference = 57097F5914818DC71A179223 /* Pods-WebViewJavascriptBridge.release.xcconfig */;
			buildSettings = {
				ASSETCATALOG_COMPILER_APPICON_NAME = AppIcon;
				CODE_SIGN_STYLE = Automatic;
				INFOPLIST_FILE = WebViewJavascriptBridge/Info.plist;
				LD_RUNPATH_SEARCH_PATHS = (
					"$(inherited)",
					"@executable_path/Frameworks",
				);
				PRODUCT_BUNDLE_IDENTIFIER = demo.WebViewJavascriptBridge;
				PRODUCT_NAME = "$(TARGET_NAME)";
				TARGETED_DEVICE_FAMILY = "1,2";
			};
			name = Release;
		};
/* End XCBuildConfiguration section */

/* Begin XCConfigurationList section */
		ADEAFF0F228859BB00A5D64A /* Build configuration list for PBXProject "WebViewJavascriptBridge" */ = {
			isa = XCConfigurationList;
			buildConfigurations = (
				ADEAFF28228859BD00A5D64A /* Debug */,
				ADEAFF29228859BD00A5D64A /* Release */,
			);
			defaultConfigurationIsVisible = 0;
			defaultConfigurationName = Release;
		};
		ADEAFF2A228859BD00A5D64A /* Build configuration list for PBXNativeTarget "WebViewJavascriptBridge" */ = {
			isa = XCConfigurationList;
			buildConfigurations = (
				ADEAFF2B228859BD00A5D64A /* Debug */,
				ADEAFF2C228859BD00A5D64A /* Release */,
			);
			defaultConfigurationIsVisible = 0;
			defaultConfigurationName = Release;
		};
/* End XCConfigurationList section */
	};
	rootObject = ADEAFF0C228859BB00A5D64A /* Project object */;
}
